
Microsoft Visual Studio Solution File, Format Version 12.00
# Visual Studio Version 17
VisualStudioVersion = 17.1.32328.378
MinimumVisualStudioVersion = 10.0.40219.1
Project("{2150E333-8FDC-42A3-9474-1A3956D46DE8}") = "Services", "Services", "{21D924C9-5C77-4F0D-BAD3-8CAB26697D66}"
EndProject
Project("{2150E333-8FDC-42A3-9474-1A3956D46DE8}") = "Catalog", "Catalog", "{00B250A7-3FDE-4FBE-B1D6-371406CB8C23}"
EndProject
Project("{9A19103F-16F7-4668-BE54-9A1E7A4F7556}") = "Catalog.API", "Services\Catalog\Catalog.API\Catalog.API.csproj", "{22EDFDC7-544C-41E8-8DE9-61AE7891FA98}"
EndProject
Project("{2150E333-8FDC-42A3-9474-1A3956D46DE8}") = "Solution Items", "Solution Items", "{9BEF3B14-3B9B-4C54-ADAA-4864EAE12730}"
	ProjectSection(SolutionItems) = preProject
		Steps.txt = Steps.txt
	EndProjectSection
EndProject
Project("{E53339B2-1760-4266-BCC7-CA923CBCF16C}") = "docker-compose", "docker-compose.dcproj", "{06B70692-1F3D-4F32-9259-BADC9A71F152}"
EndProject
Project("{2150E333-8FDC-42A3-9474-1A3956D46DE8}") = "Basket", "Basket", "{2D0BE00E-B38F-484A-8E36-A222263663BA}"
EndProject
Project("{9A19103F-16F7-4668-BE54-9A1E7A4F7556}") = "Basket.API", "Services\Basket\Basket.API\Basket.API.csproj", "{CC6B6BEA-36A7-4865-A987-9618BDF23CFA}"
EndProject
Project("{2150E333-8FDC-42A3-9474-1A3956D46DE8}") = "Discount", "Discount", "{AD779D29-5568-4351-A71E-0FEE1B25712F}"
EndProject
Project("{9A19103F-16F7-4668-BE54-9A1E7A4F7556}") = "Discount.API", "Services\Discount\Discount.API\Discount.API.csproj", "{92ECE38F-63F2-4EBF-9E01-B638AC9C885B}"
EndProject
Project("{FAE04EC0-301F-11D3-BF4B-00C04F79EFBC}") = "Discount.Grpc", "Services\Discount\Discount.Grpc\Discount.Grpc.csproj", "{8DACA0EE-3FC4-4972-B968-A60A514BEC73}"
EndProject
Global
	GlobalSection(SolutionConfigurationPlatforms) = preSolution
		Debug|Any CPU = Debug|Any CPU
		Release|Any CPU = Release|Any CPU
	EndGlobalSection
	GlobalSection(ProjectConfigurationPlatforms) = postSolution
		{22EDFDC7-544C-41E8-8DE9-61AE7891FA98}.Debug|Any CPU.ActiveCfg = Debug|Any CPU
		{22EDFDC7-544C-41E8-8DE9-61AE7891FA98}.Debug|Any CPU.Build.0 = Debug|Any CPU
		{22EDFDC7-544C-41E8-8DE9-61AE7891FA98}.Release|Any CPU.ActiveCfg = Release|Any CPU
		{22EDFDC7-544C-41E8-8DE9-61AE7891FA98}.Release|Any CPU.Build.0 = Release|Any CPU
		{06B70692-1F3D-4F32-9259-BADC9A71F152}.Debug|Any CPU.ActiveCfg = Debug|Any CPU
		{06B70692-1F3D-4F32-9259-BADC9A71F152}.Debug|Any CPU.Build.0 = Debug|Any CPU
		{06B70692-1F3D-4F32-9259-BADC9A71F152}.Release|Any CPU.ActiveCfg = Release|Any CPU
		{06B70692-1F3D-4F32-9259-BADC9A71F152}.Release|Any CPU.Build.0 = Release|Any CPU
		{CC6B6BEA-36A7-4865-A987-9618BDF23CFA}.Debug|Any CPU.ActiveCfg = Debug|Any CPU
		{CC6B6BEA-36A7-4865-A987-9618BDF23CFA}.Debug|Any CPU.Build.0 = Debug|Any CPU
		{CC6B6BEA-36A7-4865-A987-9618BDF23CFA}.Release|Any CPU.ActiveCfg = Release|Any CPU
		{CC6B6BEA-36A7-4865-A987-9618BDF23CFA}.Release|Any CPU.Build.0 = Release|Any CPU
		{92ECE38F-63F2-4EBF-9E01-B638AC9C885B}.Debug|Any CPU.ActiveCfg = Debug|Any CPU
		{92ECE38F-63F2-4EBF-9E01-B638AC9C885B}.Debug|Any CPU.Build.0 = Debug|Any CPU
		{92ECE38F-63F2-4EBF-9E01-B638AC9C885B}.Release|Any CPU.ActiveCfg = Release|Any CPU
		{92ECE38F-63F2-4EBF-9E01-B638AC9C885B}.Release|Any CPU.Build.0 = Release|Any CPU
		{8DACA0EE-3FC4-4972-B968-A60A514BEC73}.Debug|Any CPU.ActiveCfg = Debug|Any CPU
		{8DACA0EE-3FC4-4972-B968-A60A514BEC73}.Debug|Any CPU.Build.0 = Debug|Any CPU
		{8DACA0EE-3FC4-4972-B968-A60A514BEC73}.Release|Any CPU.ActiveCfg = Release|Any CPU
		{8DACA0EE-3FC4-4972-B968-A60A514BEC73}.Release|Any CPU.Build.0 = Release|Any CPU
	EndGlobalSection
	GlobalSection(SolutionProperties) = preSolution
		HideSolutionNode = FALSE
	EndGlobalSection
	GlobalSection(NestedProjects) = preSolution
		{00B250A7-3FDE-4FBE-B1D6-371406CB8C23} = {21D924C9-5C77-4F0D-BAD3-8CAB26697D66}
		{22EDFDC7-544C-41E8-8DE9-61AE7891FA98} = {00B250A7-3FDE-4FBE-B1D6-371406CB8C23}
		{2D0BE00E-B38F-484A-8E36-A222263663BA} = {21D924C9-5C77-4F0D-BAD3-8CAB26697D66}
		{CC6B6BEA-36A7-4865-A987-9618BDF23CFA} = {2D0BE00E-B38F-484A-8E36-A222263663BA}
		{AD779D29-5568-4351-A71E-0FEE1B25712F} = {21D924C9-5C77-4F0D-BAD3-8CAB26697D66}
		{92ECE38F-63F2-4EBF-9E01-B638AC9C885B} = {AD779D29-5568-4351-A71E-0FEE1B25712F}
		{8DACA0EE-3FC4-4972-B968-A60A514BEC73} = {AD779D29-5568-4351-A71E-0FEE1B25712F}
	EndGlobalSection
	GlobalSection(ExtensibilityGlobals) = postSolution
		SolutionGuid = {19F70745-749C-4D20-95C0-E5F71F2AA5F0}
	EndGlobalSection
EndGlobal
